
Microsoft Visual Studio Solution File, Format Version 12.00
# Visual Studio Version 17
VisualStudioVersion = 17.3.32901.215
MinimumVisualStudioVersion = 10.0.40219.1
Project("{54A90642-561A-4BB1-A94E-469ADEE60C69}") = "FE-webApp", "WebApp-ProteccionCivilAtizapan2022\FE-webApp.esproj", "{D7F8EC62-F76E-4354-9B4C-8B8A33307E21}"
EndProject
Project("{FAE04EC0-301F-11D3-BF4B-00C04F79EFBC}") = "BE-webApp", "BE-webApp\BE-webApp.csproj", "{E919E854-4006-4831-BA32-BB17465FD349}"
EndProject
Global
	GlobalSection(SolutionConfigurationPlatforms) = preSolution
		Debug|Any CPU = Debug|Any CPU
		Release|Any CPU = Release|Any CPU
	EndGlobalSection
	GlobalSection(ProjectConfigurationPlatforms) = postSolution
		{D7F8EC62-F76E-4354-9B4C-8B8A33307E21}.Debug|Any CPU.ActiveCfg = Debug|Any CPU
		{D7F8EC62-F76E-4354-9B4C-8B8A33307E21}.Debug|Any CPU.Build.0 = Debug|Any CPU
		{D7F8EC62-F76E-4354-9B4C-8B8A33307E21}.Debug|Any CPU.Deploy.0 = Debug|Any CPU
		{D7F8EC62-F76E-4354-9B4C-8B8A33307E21}.Release|Any CPU.ActiveCfg = Release|Any CPU
		{D7F8EC62-F76E-4354-9B4C-8B8A33307E21}.Release|Any CPU.Build.0 = Release|Any CPU
		{D7F8EC62-F76E-4354-9B4C-8B8A33307E21}.Release|Any CPU.Deploy.0 = Release|Any CPU
		{E919E854-4006-4831-BA32-BB17465FD349}.Debug|Any CPU.ActiveCfg = Debug|Any CPU
		{E919E854-4006-4831-BA32-BB17465FD349}.Debug|Any CPU.Build.0 = Debug|Any CPU
		{E919E854-4006-4831-BA32-BB17465FD349}.Release|Any CPU.ActiveCfg = Release|Any CPU
		{E919E854-4006-4831-BA32-BB17465FD349}.Release|Any CPU.Build.0 = Release|Any CPU
	EndGlobalSection
	GlobalSection(SolutionProperties) = preSolution
		HideSolutionNode = FALSE
	EndGlobalSection
	GlobalSection(ExtensibilityGlobals) = postSolution
		SolutionGuid = {95375F72-4C31-4E77-8100-9911F727EB45}
	EndGlobalSection
EndGlobal
