
Microsoft Visual Studio Solution File, Format Version 12.00
# Visual Studio Version 17
VisualStudioVersion = 17.0.32112.339
MinimumVisualStudioVersion = 10.0.40219.1
Project("{FAE04EC0-301F-11D3-BF4B-00C04F79EFBC}") = "JWTAuth.WebApi", "JWTAuth.WebApi\JWTAuth.WebApi.csproj", "{EB5F1F25-AEA5-467E-AD1C-6B2DCC68B061}"
EndProject
Project("{2150E333-8FDC-42A3-9474-1A3956D46DE8}") = "Solution Items", "Solution Items", "{4AFF6D38-F6A7-44C2-970D-74398BA9CC14}"
	ProjectSection(SolutionItems) = preProject
		.editorconfig = .editorconfig
	EndProjectSection
EndProject
Global
	GlobalSection(SolutionConfigurationPlatforms) = preSolution
		Debug|Any CPU = Debug|Any CPU
		Release|Any CPU = Release|Any CPU
	EndGlobalSection
	GlobalSection(ProjectConfigurationPlatforms) = postSolution
		{EB5F1F25-AEA5-467E-AD1C-6B2DCC68B061}.Debug|Any CPU.ActiveCfg = Debug|Any CPU
		{EB5F1F25-AEA5-467E-AD1C-6B2DCC68B061}.Debug|Any CPU.Build.0 = Debug|Any CPU
		{EB5F1F25-AEA5-467E-AD1C-6B2DCC68B061}.Release|Any CPU.ActiveCfg = Release|Any CPU
		{EB5F1F25-AEA5-467E-AD1C-6B2DCC68B061}.Release|Any CPU.Build.0 = Release|Any CPU
	EndGlobalSection
	GlobalSection(SolutionProperties) = preSolution
		HideSolutionNode = FALSE
	EndGlobalSection
	GlobalSection(ExtensibilityGlobals) = postSolution
		SolutionGuid = {7F8E6D0A-C3ED-4B28-97AF-A6EF0B2E3A1F}
	EndGlobalSection
EndGlobal
