
Microsoft Visual Studio Solution File, Format Version 12.00
# Visual Studio Version 17
VisualStudioVersion = 17.3.32901.215
MinimumVisualStudioVersion = 10.0.40219.1
Project("{54A90642-561A-4BB1-A94E-469ADEE60C69}") = "FEwebAppAtizapan2022", "FEwebAppAtizapan2022\FEwebAppAtizapan2022.esproj", "{ECBC7A5E-ECCB-4AE6-8DE0-5A85590DC9CB}"
EndProject
Project("{9A19103F-16F7-4668-BE54-9A1E7A4F7556}") = "BEwebAppAtizapan2022", "BEwebAppAtizapan2022\BEwebAppAtizapan2022.csproj", "{54D789F6-3BEB-4B9D-B67B-BAF7680E7AA8}"
EndProject
Global
	GlobalSection(SolutionConfigurationPlatforms) = preSolution
		Debug|Any CPU = Debug|Any CPU
		Release|Any CPU = Release|Any CPU
	EndGlobalSection
	GlobalSection(ProjectConfigurationPlatforms) = postSolution
		{ECBC7A5E-ECCB-4AE6-8DE0-5A85590DC9CB}.Debug|Any CPU.ActiveCfg = Debug|Any CPU
		{ECBC7A5E-ECCB-4AE6-8DE0-5A85590DC9CB}.Debug|Any CPU.Build.0 = Debug|Any CPU
		{ECBC7A5E-ECCB-4AE6-8DE0-5A85590DC9CB}.Debug|Any CPU.Deploy.0 = Debug|Any CPU
		{ECBC7A5E-ECCB-4AE6-8DE0-5A85590DC9CB}.Release|Any CPU.ActiveCfg = Release|Any CPU
		{ECBC7A5E-ECCB-4AE6-8DE0-5A85590DC9CB}.Release|Any CPU.Build.0 = Release|Any CPU
		{ECBC7A5E-ECCB-4AE6-8DE0-5A85590DC9CB}.Release|Any CPU.Deploy.0 = Release|Any CPU
		{54D789F6-3BEB-4B9D-B67B-BAF7680E7AA8}.Debug|Any CPU.ActiveCfg = Debug|Any CPU
		{54D789F6-3BEB-4B9D-B67B-BAF7680E7AA8}.Debug|Any CPU.Build.0 = Debug|Any CPU
		{54D789F6-3BEB-4B9D-B67B-BAF7680E7AA8}.Release|Any CPU.ActiveCfg = Release|Any CPU
		{54D789F6-3BEB-4B9D-B67B-BAF7680E7AA8}.Release|Any CPU.Build.0 = Release|Any CPU
	EndGlobalSection
	GlobalSection(SolutionProperties) = preSolution
		HideSolutionNode = FALSE
	EndGlobalSection
	GlobalSection(ExtensibilityGlobals) = postSolution
		SolutionGuid = {4D9EB6F4-513F-4446-AB08-6B7B8E9C3527}
	EndGlobalSection
EndGlobal
